
Microsoft Visual Studio Solution File, Format Version 12.00
# Visual Studio 14
VisualStudioVersion = 14.0.25420.1
MinimumVisualStudioVersion = 10.0.40219.1
Project("{FAE04EC0-301F-11D3-BF4B-00C04F79EFBC}") = "MyCartographyConsole", "MyCartographyConsole\MyCartographyConsole.csproj", "{FE6FE08B-05A0-47DD-BA5A-21D871525D08}"
EndProject
Project("{FAE04EC0-301F-11D3-BF4B-00C04F79EFBC}") = "MyCartographyObjects", "ClassLibrary1\MyCartographyObjects.csproj", "{5ADFEE83-B403-457F-B702-3F7329C95AE6}"
EndProject
Project("{FAE04EC0-301F-11D3-BF4B-00C04F79EFBC}") = "MathUtilsLib", "MathUtilsLib\MathUtilsLib.csproj", "{935C4DB1-BFD7-4791-84EB-F5C3AB79E982}"
EndProject
Project("{FAE04EC0-301F-11D3-BF4B-00C04F79EFBC}") = "Inpres-Map", "Inpres-Map\Inpres-Map.csproj", "{EEF3DFDA-3A32-45BD-B1E4-2E6757912E04}"
EndProject
Project("{FAE04EC0-301F-11D3-BF4B-00C04F79EFBC}") = "TripManagerProject", "TripManagerProject\TripManagerProject.csproj", "{D0A6085D-9918-46E5-80E6-11299E7CFAE5}"
EndProject
Project("{FAE04EC0-301F-11D3-BF4B-00C04F79EFBC}") = "TripManagerObjects", "TripManagerObjects\TripManagerObjects.csproj", "{475CCBAB-6DCA-4AC0-AB4F-8AA6E2495630}"
EndProject
Global
	GlobalSection(SolutionConfigurationPlatforms) = preSolution
		Debug|Any CPU = Debug|Any CPU
		Release|Any CPU = Release|Any CPU
	EndGlobalSection
	GlobalSection(ProjectConfigurationPlatforms) = postSolution
		{FE6FE08B-05A0-47DD-BA5A-21D871525D08}.Debug|Any CPU.ActiveCfg = Debug|Any CPU
		{FE6FE08B-05A0-47DD-BA5A-21D871525D08}.Debug|Any CPU.Build.0 = Debug|Any CPU
		{FE6FE08B-05A0-47DD-BA5A-21D871525D08}.Release|Any CPU.ActiveCfg = Release|Any CPU
		{FE6FE08B-05A0-47DD-BA5A-21D871525D08}.Release|Any CPU.Build.0 = Release|Any CPU
		{5ADFEE83-B403-457F-B702-3F7329C95AE6}.Debug|Any CPU.ActiveCfg = Debug|Any CPU
		{5ADFEE83-B403-457F-B702-3F7329C95AE6}.Debug|Any CPU.Build.0 = Debug|Any CPU
		{5ADFEE83-B403-457F-B702-3F7329C95AE6}.Release|Any CPU.ActiveCfg = Release|Any CPU
		{5ADFEE83-B403-457F-B702-3F7329C95AE6}.Release|Any CPU.Build.0 = Release|Any CPU
		{935C4DB1-BFD7-4791-84EB-F5C3AB79E982}.Debug|Any CPU.ActiveCfg = Debug|Any CPU
		{935C4DB1-BFD7-4791-84EB-F5C3AB79E982}.Debug|Any CPU.Build.0 = Debug|Any CPU
		{935C4DB1-BFD7-4791-84EB-F5C3AB79E982}.Release|Any CPU.ActiveCfg = Release|Any CPU
		{935C4DB1-BFD7-4791-84EB-F5C3AB79E982}.Release|Any CPU.Build.0 = Release|Any CPU
		{EEF3DFDA-3A32-45BD-B1E4-2E6757912E04}.Debug|Any CPU.ActiveCfg = Debug|Any CPU
		{EEF3DFDA-3A32-45BD-B1E4-2E6757912E04}.Debug|Any CPU.Build.0 = Debug|Any CPU
		{EEF3DFDA-3A32-45BD-B1E4-2E6757912E04}.Release|Any CPU.ActiveCfg = Release|Any CPU
		{EEF3DFDA-3A32-45BD-B1E4-2E6757912E04}.Release|Any CPU.Build.0 = Release|Any CPU
		{D0A6085D-9918-46E5-80E6-11299E7CFAE5}.Debug|Any CPU.ActiveCfg = Debug|Any CPU
		{D0A6085D-9918-46E5-80E6-11299E7CFAE5}.Debug|Any CPU.Build.0 = Debug|Any CPU
		{D0A6085D-9918-46E5-80E6-11299E7CFAE5}.Release|Any CPU.ActiveCfg = Release|Any CPU
		{D0A6085D-9918-46E5-80E6-11299E7CFAE5}.Release|Any CPU.Build.0 = Release|Any CPU
		{475CCBAB-6DCA-4AC0-AB4F-8AA6E2495630}.Debug|Any CPU.ActiveCfg = Debug|Any CPU
		{475CCBAB-6DCA-4AC0-AB4F-8AA6E2495630}.Debug|Any CPU.Build.0 = Debug|Any CPU
		{475CCBAB-6DCA-4AC0-AB4F-8AA6E2495630}.Release|Any CPU.ActiveCfg = Release|Any CPU
		{475CCBAB-6DCA-4AC0-AB4F-8AA6E2495630}.Release|Any CPU.Build.0 = Release|Any CPU
	EndGlobalSection
	GlobalSection(SolutionProperties) = preSolution
		HideSolutionNode = FALSE
	EndGlobalSection
EndGlobal
